
Microsoft Visual Studio Solution File, Format Version 12.00
# Visual Studio Version 16
VisualStudioVersion = 16.0.31729.503
MinimumVisualStudioVersion = 10.0.40219.1
Project("{FAE04EC0-301F-11D3-BF4B-00C04F79EFBC}") = "Assignment3MaxMinSumAverageOfArray", "Assignment3Section1\Assignment3MaxMinSumAverageOfArray.csproj", "{0E6D31A9-C942-4C82-990A-B9DF919733F9}"
EndProject
Global
	GlobalSection(SolutionConfigurationPlatforms) = preSolution
		Debug|Any CPU = Debug|Any CPU
		Release|Any CPU = Release|Any CPU
	EndGlobalSection
	GlobalSection(ProjectConfigurationPlatforms) = postSolution
		{0E6D31A9-C942-4C82-990A-B9DF919733F9}.Debug|Any CPU.ActiveCfg = Debug|Any CPU
		{0E6D31A9-C942-4C82-990A-B9DF919733F9}.Debug|Any CPU.Build.0 = Debug|Any CPU
		{0E6D31A9-C942-4C82-990A-B9DF919733F9}.Release|Any CPU.ActiveCfg = Release|Any CPU
		{0E6D31A9-C942-4C82-990A-B9DF919733F9}.Release|Any CPU.Build.0 = Release|Any CPU
	EndGlobalSection
	GlobalSection(SolutionProperties) = preSolution
		HideSolutionNode = FALSE
	EndGlobalSection
	GlobalSection(ExtensibilityGlobals) = postSolution
		SolutionGuid = {C6F47957-3C2A-4C1C-9823-2993CD9A2ABB}
	EndGlobalSection
EndGlobal
